Microsoft Visual Studio Solution File, Format Version 12.00
# Visual Studio Version 17
VisualStudioVersion = 17.5.2.0
MinimumVisualStudioVersion = 10.0.40219.1
Project("{FAE04EC0-301F-11D3-BF4B-00C04F79EFBC}") = "FuncScript.Sql", "FuncScript.Sql\FuncScript.Sql.csproj", "{894BD25B-A5B0-CE92-4900-E75B600354FC}"
EndProject
Project("{FAE04EC0-301F-11D3-BF4B-00C04F79EFBC}") = "FuncScript.Test", "FuncScript.Test\FuncScript.Test.csproj", "{68E9B4CD-30C3-9509-E0A6-379B78F3A800}"
EndProject
Project("{FAE04EC0-301F-11D3-BF4B-00C04F79EFBC}") = "FuncScript.Example", "FuncScript.Example\FuncScript.Example.csproj", "{3594D20C-373B-2959-E1AC-AE73A0BD910C}"
EndProject
Project("{FAE04EC0-301F-11D3-BF4B-00C04F79EFBC}") = "FuncScript", "FuncScript\FuncScript.csproj", "{D65CA60C-D7AD-073D-4CE3-DEF3BB6F10E3}"
EndProject
Project("{FAE04EC0-301F-11D3-BF4B-00C04F79EFBC}") = "FuncScript.Cli", "FuncScript.Cli\FuncScript.Cli.csproj", "{C99818BC-B651-095E-E1CA-46325E4B8287}"
EndProject
Global
	GlobalSection(SolutionConfigurationPlatforms) = preSolution
		Debug|Any CPU = Debug|Any CPU
		Release|Any CPU = Release|Any CPU
	EndGlobalSection
	GlobalSection(ProjectConfigurationPlatforms) = postSolution
		{894BD25B-A5B0-CE92-4900-E75B600354FC}.Debug|Any CPU.ActiveCfg = Debug|Any CPU
		{894BD25B-A5B0-CE92-4900-E75B600354FC}.Debug|Any CPU.Build.0 = Debug|Any CPU
		{894BD25B-A5B0-CE92-4900-E75B600354FC}.Release|Any CPU.ActiveCfg = Release|Any CPU
		{894BD25B-A5B0-CE92-4900-E75B600354FC}.Release|Any CPU.Build.0 = Release|Any CPU
		{68E9B4CD-30C3-9509-E0A6-379B78F3A800}.Debug|Any CPU.ActiveCfg = Debug|Any CPU
		{68E9B4CD-30C3-9509-E0A6-379B78F3A800}.Debug|Any CPU.Build.0 = Debug|Any CPU
		{68E9B4CD-30C3-9509-E0A6-379B78F3A800}.Release|Any CPU.ActiveCfg = Release|Any CPU
		{68E9B4CD-30C3-9509-E0A6-379B78F3A800}.Release|Any CPU.Build.0 = Release|Any CPU
		{3594D20C-373B-2959-E1AC-AE73A0BD910C}.Debug|Any CPU.ActiveCfg = Debug|Any CPU
		{3594D20C-373B-2959-E1AC-AE73A0BD910C}.Debug|Any CPU.Build.0 = Debug|Any CPU
		{3594D20C-373B-2959-E1AC-AE73A0BD910C}.Release|Any CPU.ActiveCfg = Release|Any CPU
		{3594D20C-373B-2959-E1AC-AE73A0BD910C}.Release|Any CPU.Build.0 = Release|Any CPU
		{D65CA60C-D7AD-073D-4CE3-DEF3BB6F10E3}.Debug|Any CPU.ActiveCfg = Debug|Any CPU
		{D65CA60C-D7AD-073D-4CE3-DEF3BB6F10E3}.Debug|Any CPU.Build.0 = Debug|Any CPU
		{D65CA60C-D7AD-073D-4CE3-DEF3BB6F10E3}.Release|Any CPU.ActiveCfg = Release|Any CPU
		{D65CA60C-D7AD-073D-4CE3-DEF3BB6F10E3}.Release|Any CPU.Build.0 = Release|Any CPU
		{C99818BC-B651-095E-E1CA-46325E4B8287}.Debug|Any CPU.ActiveCfg = Debug|Any CPU
		{C99818BC-B651-095E-E1CA-46325E4B8287}.Debug|Any CPU.Build.0 = Debug|Any CPU
		{C99818BC-B651-095E-E1CA-46325E4B8287}.Release|Any CPU.ActiveCfg = Release|Any CPU
		{C99818BC-B651-095E-E1CA-46325E4B8287}.Release|Any CPU.Build.0 = Release|Any CPU
	EndGlobalSection
	GlobalSection(SolutionProperties) = preSolution
		HideSolutionNode = FALSE
	EndGlobalSection
	GlobalSection(ExtensibilityGlobals) = postSolution
		SolutionGuid = {1EB9F09A-5D32-45C9-B4DC-B4B90C2AB43C}
	EndGlobalSection
EndGlobal
