{
  "name": "@tewelde/fs-cli",
  "version": "0.1.0",
  "lockfileVersion": 3,
  "requires": true,
  "packages": {
    "": {
      "name": "@tewelde/fs-cli",
      "version": "0.1.0",
      "license": "MIT",
      "dependencies": {
        "@tewelde/funcscript": "file:../funcscript-js"
      },
      "bin": {
        "fs-cli": "bin/fs-cli.js"
      },
      "engines": {
        "node": ">=18"
      }
    },
    "../funcscript-js": {
      "name": "@tewelde/funcscript",
      "version": "0.1.5",
      "license": "MIT",
      "devDependencies": {
        "vitest": "^1.6.0"
      },
      "engines": {
        "node": ">=18"
      }
    },
    "node_modules/@tewelde/funcscript": {
      "resolved": "../funcscript-js",
      "link": true
    }
  }
}
